
Microsoft Visual Studio Solution File, Format Version 12.00
# Visual Studio 15
VisualStudioVersion = 15.0.26730.16
MinimumVisualStudioVersion = 10.0.40219.1
Project("{2150E333-8FDC-42A3-9474-1A3956D46DE8}") = "1.1 - Presentation", "1.1 - Presentation", "{B6F9E01B-BD2C-4AE6-A287-B08D395CE473}"
EndProject
Project("{2150E333-8FDC-42A3-9474-1A3956D46DE8}") = "Tests", "Tests", "{C4395E70-DF96-41FF-BE1A-19073C695107}"
EndProject
Project("{9A19103F-16F7-4668-BE54-9A1E7A4F7556}") = "API.Tests", "test\unit\MicroTransactionMgtApi.Tests\API.Tests.csproj", "{98BC4411-D171-407D-B654-B4F593B7E2B0}"
EndProject
Project("{2150E333-8FDC-42A3-9474-1A3956D46DE8}") = "Deploy", "Deploy", "{C32C488A-C3C3-4065-87C1-9FC8689F1BA6}"
	ProjectSection(SolutionItems) = preProject
		integrationtestsparams.env = integrationtestsparams.env
		Jenkinsfile = Jenkinsfile
		Settings.StyleCop = Settings.StyleCop
	EndProjectSection
EndProject
Project("{2150E333-8FDC-42A3-9474-1A3956D46DE8}") = "Docker", "Docker", "{DC4A3E13-596C-4325-A7D8-42962CD8EA9D}"
	ProjectSection(SolutionItems) = preProject
		.dockerignore = .dockerignore
		docker-compose.release.yml = docker-compose.release.yml
		docker-compose.yml = docker-compose.yml
	EndProjectSection
EndProject
Project("{9A19103F-16F7-4668-BE54-9A1E7A4F7556}") = "API", "src\API\API.csproj", "{4452D90F-6ABD-4FBB-B635-36CEAF93DE31}"
EndProject
Project("{2150E333-8FDC-42A3-9474-1A3956D46DE8}") = "1.2 - Application", "1.2 - Application", "{1329068B-64D8-4110-BBAE-D93C39D09B13}"
EndProject
Project("{2150E333-8FDC-42A3-9474-1A3956D46DE8}") = "1.3 - Domain", "1.3 - Domain", "{942AC769-EE61-423E-B7C8-3D0AD9D9CC17}"
EndProject
Project("{2150E333-8FDC-42A3-9474-1A3956D46DE8}") = "1.4 - Persistence", "1.4 - Persistence", "{994F99C1-202C-4832-9C70-6026DF3E2713}"
EndProject
Project("{2150E333-8FDC-42A3-9474-1A3956D46DE8}") = "1.5 - Infrastructure", "1.5 - Infrastructure", "{DF0FCA43-EDA5-4734-BA85-13E3FFE5BF0E}"
EndProject
Project("{2150E333-8FDC-42A3-9474-1A3956D46DE8}") = "Tests", "Tests", "{61E04EA7-8DCF-4420-BB62-65D097BF8702}"
EndProject
Project("{2150E333-8FDC-42A3-9474-1A3956D46DE8}") = "Tests", "Tests", "{19159430-EC11-4CDA-BF1D-4F7A6816B316}"
EndProject
Project("{2150E333-8FDC-42A3-9474-1A3956D46DE8}") = "Tests", "Tests", "{6CF2F3B3-9DD7-4BB4-BBAC-F8954C93A6A8}"
EndProject
Project("{2150E333-8FDC-42A3-9474-1A3956D46DE8}") = "Tests", "Tests", "{EC54C484-D978-47DE-A286-31C29D77B9D5}"
EndProject
Project("{9A19103F-16F7-4668-BE54-9A1E7A4F7556}") = "Application.Core", "src\Application.Core\Application.Core.csproj", "{689C5826-C2B5-4E17-81F5-AAA57790EA66}"
EndProject
Project("{9A19103F-16F7-4668-BE54-9A1E7A4F7556}") = "Application.Core.Tests", "test\unit\Application.Core.Tests\Application.Core.Tests.csproj", "{3C4F0F14-520B-403F-9FA4-D2CCCB548D01}"
EndProject
Project("{9A19103F-16F7-4668-BE54-9A1E7A4F7556}") = "Domain.Model.Tests", "test\unit\Domain.Model.Tests\Domain.Model.Tests.csproj", "{70379BC9-7574-451A-985E-5075B14EF509}"
EndProject
Project("{9A19103F-16F7-4668-BE54-9A1E7A4F7556}") = "Domain.Model", "src\Domain.Model\Domain.Model.csproj", "{9E9AE8D8-EC0C-41CA-BF9B-B0C8F908EEAB}"
EndProject
Project("{9A19103F-16F7-4668-BE54-9A1E7A4F7556}") = "Data.Repository", "src\Data.Repository\Data.Repository.csproj", "{0468C239-5F0B-4B2C-BB4A-309F5C6D3FCD}"
EndProject
Project("{9A19103F-16F7-4668-BE54-9A1E7A4F7556}") = "Infrastructure.CrossCutting", "src\Infrastructure.CrossCutting\Infrastructure.CrossCutting.csproj", "{CFE9ECE8-FC4B-4B86-97EE-F9E93F673351}"
EndProject
Project("{9A19103F-16F7-4668-BE54-9A1E7A4F7556}") = "Infrastructure.IoC", "src\Infrastructure.IoC\Infrastructure.IoC.csproj", "{B9F0377D-0027-44DA-83C4-A14F1270CE37}"
EndProject
Project("{9A19103F-16F7-4668-BE54-9A1E7A4F7556}") = "Infrastructure.CrossCutting.Tests", "test\unit\Infrastructure.CrossCutting.Tests\Infrastructure.CrossCutting.Tests.csproj", "{C373E6A9-1F22-4C15-B05B-51B0532E2915}"
EndProject
Global
	GlobalSection(SolutionConfigurationPlatforms) = preSolution
		Debug|Any CPU = Debug|Any CPU
		Release|Any CPU = Release|Any CPU
	EndGlobalSection
	GlobalSection(ProjectConfigurationPlatforms) = postSolution
		{98BC4411-D171-407D-B654-B4F593B7E2B0}.Debug|Any CPU.ActiveCfg = Debug|Any CPU
		{98BC4411-D171-407D-B654-B4F593B7E2B0}.Debug|Any CPU.Build.0 = Debug|Any CPU
		{98BC4411-D171-407D-B654-B4F593B7E2B0}.Release|Any CPU.ActiveCfg = Release|Any CPU
		{98BC4411-D171-407D-B654-B4F593B7E2B0}.Release|Any CPU.Build.0 = Release|Any CPU
		{4452D90F-6ABD-4FBB-B635-36CEAF93DE31}.Debug|Any CPU.ActiveCfg = Debug|Any CPU
		{4452D90F-6ABD-4FBB-B635-36CEAF93DE31}.Debug|Any CPU.Build.0 = Debug|Any CPU
		{4452D90F-6ABD-4FBB-B635-36CEAF93DE31}.Release|Any CPU.ActiveCfg = Release|Any CPU
		{4452D90F-6ABD-4FBB-B635-36CEAF93DE31}.Release|Any CPU.Build.0 = Release|Any CPU
		{689C5826-C2B5-4E17-81F5-AAA57790EA66}.Debug|Any CPU.ActiveCfg = Debug|Any CPU
		{689C5826-C2B5-4E17-81F5-AAA57790EA66}.Debug|Any CPU.Build.0 = Debug|Any CPU
		{689C5826-C2B5-4E17-81F5-AAA57790EA66}.Release|Any CPU.ActiveCfg = Release|Any CPU
		{689C5826-C2B5-4E17-81F5-AAA57790EA66}.Release|Any CPU.Build.0 = Release|Any CPU
		{3C4F0F14-520B-403F-9FA4-D2CCCB548D01}.Debug|Any CPU.ActiveCfg = Debug|Any CPU
		{3C4F0F14-520B-403F-9FA4-D2CCCB548D01}.Debug|Any CPU.Build.0 = Debug|Any CPU
		{3C4F0F14-520B-403F-9FA4-D2CCCB548D01}.Release|Any CPU.ActiveCfg = Release|Any CPU
		{3C4F0F14-520B-403F-9FA4-D2CCCB548D01}.Release|Any CPU.Build.0 = Release|Any CPU
		{70379BC9-7574-451A-985E-5075B14EF509}.Debug|Any CPU.ActiveCfg = Debug|Any CPU
		{70379BC9-7574-451A-985E-5075B14EF509}.Debug|Any CPU.Build.0 = Debug|Any CPU
		{70379BC9-7574-451A-985E-5075B14EF509}.Release|Any CPU.ActiveCfg = Release|Any CPU
		{70379BC9-7574-451A-985E-5075B14EF509}.Release|Any CPU.Build.0 = Release|Any CPU
		{9E9AE8D8-EC0C-41CA-BF9B-B0C8F908EEAB}.Debug|Any CPU.ActiveCfg = Debug|Any CPU
		{9E9AE8D8-EC0C-41CA-BF9B-B0C8F908EEAB}.Debug|Any CPU.Build.0 = Debug|Any CPU
		{9E9AE8D8-EC0C-41CA-BF9B-B0C8F908EEAB}.Release|Any CPU.ActiveCfg = Release|Any CPU
		{9E9AE8D8-EC0C-41CA-BF9B-B0C8F908EEAB}.Release|Any CPU.Build.0 = Release|Any CPU
		{0468C239-5F0B-4B2C-BB4A-309F5C6D3FCD}.Debug|Any CPU.ActiveCfg = Debug|Any CPU
		{0468C239-5F0B-4B2C-BB4A-309F5C6D3FCD}.Debug|Any CPU.Build.0 = Debug|Any CPU
		{0468C239-5F0B-4B2C-BB4A-309F5C6D3FCD}.Release|Any CPU.ActiveCfg = Release|Any CPU
		{0468C239-5F0B-4B2C-BB4A-309F5C6D3FCD}.Release|Any CPU.Build.0 = Release|Any CPU
		{CFE9ECE8-FC4B-4B86-97EE-F9E93F673351}.Debug|Any CPU.ActiveCfg = Debug|Any CPU
		{CFE9ECE8-FC4B-4B86-97EE-F9E93F673351}.Debug|Any CPU.Build.0 = Debug|Any CPU
		{CFE9ECE8-FC4B-4B86-97EE-F9E93F673351}.Release|Any CPU.ActiveCfg = Release|Any CPU
		{CFE9ECE8-FC4B-4B86-97EE-F9E93F673351}.Release|Any CPU.Build.0 = Release|Any CPU
		{B9F0377D-0027-44DA-83C4-A14F1270CE37}.Debug|Any CPU.ActiveCfg = Debug|Any CPU
		{B9F0377D-0027-44DA-83C4-A14F1270CE37}.Debug|Any CPU.Build.0 = Debug|Any CPU
		{B9F0377D-0027-44DA-83C4-A14F1270CE37}.Release|Any CPU.ActiveCfg = Release|Any CPU
		{B9F0377D-0027-44DA-83C4-A14F1270CE37}.Release|Any CPU.Build.0 = Release|Any CPU
		{C373E6A9-1F22-4C15-B05B-51B0532E2915}.Debug|Any CPU.ActiveCfg = Debug|Any CPU
		{C373E6A9-1F22-4C15-B05B-51B0532E2915}.Debug|Any CPU.Build.0 = Debug|Any CPU
		{C373E6A9-1F22-4C15-B05B-51B0532E2915}.Release|Any CPU.ActiveCfg = Release|Any CPU
		{C373E6A9-1F22-4C15-B05B-51B0532E2915}.Release|Any CPU.Build.0 = Release|Any CPU
	EndGlobalSection
	GlobalSection(SolutionProperties) = preSolution
		HideSolutionNode = FALSE
	EndGlobalSection
	GlobalSection(NestedProjects) = preSolution
		{C4395E70-DF96-41FF-BE1A-19073C695107} = {B6F9E01B-BD2C-4AE6-A287-B08D395CE473}
		{98BC4411-D171-407D-B654-B4F593B7E2B0} = {C4395E70-DF96-41FF-BE1A-19073C695107}
		{DC4A3E13-596C-4325-A7D8-42962CD8EA9D} = {C32C488A-C3C3-4065-87C1-9FC8689F1BA6}
		{4452D90F-6ABD-4FBB-B635-36CEAF93DE31} = {B6F9E01B-BD2C-4AE6-A287-B08D395CE473}
		{61E04EA7-8DCF-4420-BB62-65D097BF8702} = {1329068B-64D8-4110-BBAE-D93C39D09B13}
		{19159430-EC11-4CDA-BF1D-4F7A6816B316} = {942AC769-EE61-423E-B7C8-3D0AD9D9CC17}
		{6CF2F3B3-9DD7-4BB4-BBAC-F8954C93A6A8} = {994F99C1-202C-4832-9C70-6026DF3E2713}
		{EC54C484-D978-47DE-A286-31C29D77B9D5} = {DF0FCA43-EDA5-4734-BA85-13E3FFE5BF0E}
		{689C5826-C2B5-4E17-81F5-AAA57790EA66} = {1329068B-64D8-4110-BBAE-D93C39D09B13}
		{3C4F0F14-520B-403F-9FA4-D2CCCB548D01} = {61E04EA7-8DCF-4420-BB62-65D097BF8702}
		{70379BC9-7574-451A-985E-5075B14EF509} = {19159430-EC11-4CDA-BF1D-4F7A6816B316}
		{9E9AE8D8-EC0C-41CA-BF9B-B0C8F908EEAB} = {942AC769-EE61-423E-B7C8-3D0AD9D9CC17}
		{0468C239-5F0B-4B2C-BB4A-309F5C6D3FCD} = {994F99C1-202C-4832-9C70-6026DF3E2713}
		{CFE9ECE8-FC4B-4B86-97EE-F9E93F673351} = {DF0FCA43-EDA5-4734-BA85-13E3FFE5BF0E}
		{B9F0377D-0027-44DA-83C4-A14F1270CE37} = {DF0FCA43-EDA5-4734-BA85-13E3FFE5BF0E}
		{C373E6A9-1F22-4C15-B05B-51B0532E2915} = {EC54C484-D978-47DE-A286-31C29D77B9D5}
	EndGlobalSection
	GlobalSection(ExtensibilityGlobals) = postSolution
		SolutionGuid = {9BC7BFDF-30D7-45B0-BB83-53CAA36C9A70}
	EndGlobalSection
EndGlobal
